// !$*UTF8*$!
{
	archiveVersion = 1;
	classes = {
	};
	objectVersion = 55;
	objects = {

/* Begin PBXBuildFile section */
		91DE131E28297F20002302B9 /* iTweetApp.swift in Sources */ = {isa = PBXBuildFile; fileRef = 91DE131D28297F20002302B9 /* iTweetApp.swift */; };
		91DE132028297F20002302B9 /* ContentView.swift in Sources */ = {isa = PBXBuildFile; fileRef = 91DE131F28297F20002302B9 /* ContentView.swift */; };
		91DE132228297F21002302B9 /* Assets.xcassets in Resources */ = {isa = PBXBuildFile; fileRef = 91DE132128297F21002302B9 /* Assets.xcassets */; };
		91DE132528297F21002302B9 /* Preview Assets.xcassets in Resources */ = {isa = PBXBuildFile; fileRef = 91DE132428297F21002302B9 /* Preview Assets.xcassets */; };
		91DE1339282980E2002302B9 /* FeedView.swift in Sources */ = {isa = PBXBuildFile; fileRef = 91DE1338282980E2002302B9 /* FeedView.swift */; };
		91DE133C282981A2002302B9 /* TweetRowView.swift in Sources */ = {isa = PBXBuildFile; fileRef = 91DE133B282981A2002302B9 /* TweetRowView.swift */; };
		91DE133F2829893C002302B9 /* MainTabView.swift in Sources */ = {isa = PBXBuildFile; fileRef = 91DE133E2829893C002302B9 /* MainTabView.swift */; };
		91DE134528298A6E002302B9 /* ExploreView.swift in Sources */ = {isa = PBXBuildFile; fileRef = 91DE134428298A6E002302B9 /* ExploreView.swift */; };
		91DE134728298A88002302B9 /* NotificationsView.swift in Sources */ = {isa = PBXBuildFile; fileRef = 91DE134628298A88002302B9 /* NotificationsView.swift */; };
		91DE134928298A9E002302B9 /* MessagesView.swift in Sources */ = {isa = PBXBuildFile; fileRef = 91DE134828298A9E002302B9 /* MessagesView.swift */; };
		91DE134D28298D29002302B9 /* ProfileView.swift in Sources */ = {isa = PBXBuildFile; fileRef = 91DE134C28298D29002302B9 /* ProfileView.swift */; };
		91DE134F2829A2D5002302B9 /* TweetFilterViewModel.swift in Sources */ = {isa = PBXBuildFile; fileRef = 91DE134E2829A2D5002302B9 /* TweetFilterViewModel.swift */; };
/* End PBXBuildFile section */

/* Begin PBXFileReference section */
		91DE131A28297F20002302B9 /* iTweet.app */ = {isa = PBXFileReference; explicitFileType = wrapper.application; includeInIndex = 0; path = iTweet.app; sourceTree = BUILT_PRODUCTS_DIR; };
		91DE131D28297F20002302B9 /* iTweetApp.swift */ = {isa = PBXFileReference; lastKnownFileType = sourcecode.swift; path = iTweetApp.swift; sourceTree = "<group>"; };
		91DE131F28297F20002302B9 /* ContentView.swift */ = {isa = PBXFileReference; lastKnownFileType = sourcecode.swift; path = ContentView.swift; sourceTree = "<group>"; };
		91DE132128297F21002302B9 /* Assets.xcassets */ = {isa = PBXFileReference; lastKnownFileType = folder.assetcatalog; path = Assets.xcassets; sourceTree = "<group>"; };
		91DE132428297F21002302B9 /* Preview Assets.xcassets */ = {isa = PBXFileReference; lastKnownFileType = folder.assetcatalog; path = "Preview Assets.xcassets"; sourceTree = "<group>"; };
		91DE1338282980E2002302B9 /* FeedView.swift */ = {isa = PBXFileReference; lastKnownFileType = sourcecode.swift; path = FeedView.swift; sourceTree = "<group>"; };
		91DE133B282981A2002302B9 /* TweetRowView.swift */ = {isa = PBXFileReference; lastKnownFileType = sourcecode.swift; path = TweetRowView.swift; sourceTree = "<group>"; };
		91DE133E2829893C002302B9 /* MainTabView.swift */ = {isa = PBXFileReference; lastKnownFileType = sourcecode.swift; path = MainTabView.swift; sourceTree = "<group>"; };
		91DE134428298A6E002302B9 /* ExploreView.swift */ = {isa = PBXFileReference; lastKnownFileType = sourcecode.swift; path = ExploreView.swift; sourceTree = "<group>"; };
		91DE134628298A88002302B9 /* NotificationsView.swift */ = {isa = PBXFileReference; lastKnownFileType = sourcecode.swift; path = NotificationsView.swift; sourceTree = "<group>"; };
		91DE134828298A9E002302B9 /* MessagesView.swift */ = {isa = PBXFileReference; lastKnownFileType = sourcecode.swift; path = MessagesView.swift; sourceTree = "<group>"; };
		91DE134C28298D29002302B9 /* ProfileView.swift */ = {isa = PBXFileReference; lastKnownFileType = sourcecode.swift; path = ProfileView.swift; sourceTree = "<group>"; };
		91DE134E2829A2D5002302B9 /* TweetFilterViewModel.swift */ = {isa = PBXFileReference; lastKnownFileType = sourcecode.swift; path = TweetFilterViewModel.swift; sourceTree = "<group>"; };
/* End PBXFileReference section */

/* Begin PBXFrameworksBuildPhase section */
		91DE131728297F20002302B9 /* Frameworks */ = {
			isa = PBXFrameworksBuildPhase;
			buildActionMask = 2147483647;
			files = (
			);
			runOnlyForDeploymentPostprocessing = 0;
		};
/* End PBXFrameworksBuildPhase section */

/* Begin PBXGroup section */
		91DE131128297F20002302B9 = {
			isa = PBXGroup;
			children = (
				91DE131C28297F20002302B9 /* iTweet */,
				91DE131B28297F20002302B9 /* Products */,
			);
			sourceTree = "<group>";
		};
		91DE131B28297F20002302B9 /* Products */ = {
			isa = PBXGroup;
			children = (
				91DE131A28297F20002302B9 /* iTweet.app */,
			);
			name = Products;
			sourceTree = "<group>";
		};
		91DE131C28297F20002302B9 /* iTweet */ = {
			isa = PBXGroup;
			children = (
				91DE133328298099002302B9 /* Extensions */,
				91DE133228298094002302B9 /* Model */,
				91DE133128298081002302B9 /* Service */,
				91DE13302829807A002302B9 /* Core */,
				91DE131D28297F20002302B9 /* iTweetApp.swift */,
				91DE131F28297F20002302B9 /* ContentView.swift */,
				91DE132128297F21002302B9 /* Assets.xcassets */,
				91DE132328297F21002302B9 /* Preview Content */,
			);
			path = iTweet;
			sourceTree = "<group>";
		};
		91DE132328297F21002302B9 /* Preview Content */ = {
			isa = PBXGroup;
			children = (
				91DE132428297F21002302B9 /* Preview Assets.xcassets */,
			);
			path = "Preview Content";
			sourceTree = "<group>";
		};
		91DE13302829807A002302B9 /* Core */ = {
			isa = PBXGroup;
			children = (
				91DE1334282980AB002302B9 /* Components */,
				91DE134328298A50002302B9 /* Profile */,
				91DE134228298A46002302B9 /* Messages */,
				91DE134128298A3E002302B9 /* Notifications */,
				91DE134028298A38002302B9 /* Explore */,
				91DE133D2829892C002302B9 /* MainTab */,
				91DE1335282980BD002302B9 /* Feed */,
			);
			path = Core;
			sourceTree = "<group>";
		};
		91DE133128298081002302B9 /* Service */ = {
			isa = PBXGroup;
			children = (
			);
			path = Service;
			sourceTree = "<group>";
		};
		91DE133228298094002302B9 /* Model */ = {
			isa = PBXGroup;
			children = (
			);
			path = Model;
			sourceTree = "<group>";
		};
		91DE133328298099002302B9 /* Extensions */ = {
			isa = PBXGroup;
			children = (
			);
			path = Extensions;
			sourceTree = "<group>";
		};
		91DE1334282980AB002302B9 /* Components */ = {
			isa = PBXGroup;
			children = (
				91DE133A28298164002302B9 /* Tweets */,
			);
			path = Components;
			sourceTree = "<group>";
		};
		91DE1335282980BD002302B9 /* Feed */ = {
			isa = PBXGroup;
			children = (
				91DE1337282980CF002302B9 /* View Model */,
				91DE1336282980C8002302B9 /* View */,
			);
			path = Feed;
			sourceTree = "<group>";
		};
		91DE1336282980C8002302B9 /* View */ = {
			isa = PBXGroup;
			children = (
				91DE1338282980E2002302B9 /* FeedView.swift */,
			);
			path = View;
			sourceTree = "<group>";
		};
		91DE1337282980CF002302B9 /* View Model */ = {
			isa = PBXGroup;
			children = (
			);
			path = "View Model";
			sourceTree = "<group>";
		};
		91DE133A28298164002302B9 /* Tweets */ = {
			isa = PBXGroup;
			children = (
				91DE133B282981A2002302B9 /* TweetRowView.swift */,
			);
			path = Tweets;
			sourceTree = "<group>";
		};
		91DE133D2829892C002302B9 /* MainTab */ = {
			isa = PBXGroup;
			children = (
				91DE133E2829893C002302B9 /* MainTabView.swift */,
			);
			path = MainTab;
			sourceTree = "<group>";
		};
		91DE134028298A38002302B9 /* Explore */ = {
			isa = PBXGroup;
			children = (
				91DE134428298A6E002302B9 /* ExploreView.swift */,
			);
			path = Explore;
			sourceTree = "<group>";
		};
		91DE134128298A3E002302B9 /* Notifications */ = {
			isa = PBXGroup;
			children = (
				91DE134628298A88002302B9 /* NotificationsView.swift */,
			);
			path = Notifications;
			sourceTree = "<group>";
		};
		91DE134228298A46002302B9 /* Messages */ = {
			isa = PBXGroup;
			children = (
				91DE134828298A9E002302B9 /* MessagesView.swift */,
			);
			path = Messages;
			sourceTree = "<group>";
		};
		91DE134328298A50002302B9 /* Profile */ = {
			isa = PBXGroup;
			children = (
				91DE134B28298D1F002302B9 /* View */,
				91DE134A28298D16002302B9 /* ViewModel */,
			);
			path = Profile;
			sourceTree = "<group>";
		};
		91DE134A28298D16002302B9 /* ViewModel */ = {
			isa = PBXGroup;
			children = (
				91DE134E2829A2D5002302B9 /* TweetFilterViewModel.swift */,
			);
			path = ViewModel;
			sourceTree = "<group>";
		};
		91DE134B28298D1F002302B9 /* View */ = {
			isa = PBXGroup;
			children = (
				91DE134C28298D29002302B9 /* ProfileView.swift */,
			);
			path = View;
			sourceTree = "<group>";
		};
/* End PBXGroup section */

/* Begin PBXNativeTarget section */
		91DE131928297F20002302B9 /* iTweet */ = {
			isa = PBXNativeTarget;
			buildConfigurationList = 91DE132828297F21002302B9 /* Build configuration list for PBXNativeTarget "iTweet" */;
			buildPhases = (
				91DE131628297F20002302B9 /* Sources */,
				91DE131728297F20002302B9 /* Frameworks */,
				91DE131828297F20002302B9 /* Resources */,
			);
			buildRules = (
			);
			dependencies = (
			);
			name = iTweet;
			productName = iTweet;
			productReference = 91DE131A28297F20002302B9 /* iTweet.app */;
			productType = "com.apple.product-type.application";
		};
/* End PBXNativeTarget section */

/* Begin PBXProject section */
		91DE131228297F20002302B9 /* Project object */ = {
			isa = PBXProject;
			attributes = {
				BuildIndependentTargetsInParallel = 1;
				LastSwiftUpdateCheck = 1330;
				LastUpgradeCheck = 1330;
				TargetAttributes = {
					91DE131928297F20002302B9 = {
						CreatedOnToolsVersion = 13.3;
					};
				};
			};
			buildConfigurationList = 91DE131528297F20002302B9 /* Build configuration list for PBXProject "iTweet" */;
			compatibilityVersion = "Xcode 13.0";
			developmentRegion = en;
			hasScannedForEncodings = 0;
			knownRegions = (
				en,
				Base,
			);
			mainGroup = 91DE131128297F20002302B9;
			productRefGroup = 91DE131B28297F20002302B9 /* Products */;
			projectDirPath = "";
			projectRoot = "";
			targets = (
				91DE131928297F20002302B9 /* iTweet */,
			);
		};
/* End PBXProject section */

/* Begin PBXResourcesBuildPhase section */
		91DE131828297F20002302B9 /* Resources */ = {
			isa = PBXResourcesBuildPhase;
			buildActionMask = 2147483647;
			files = (
				91DE132528297F21002302B9 /* Preview Assets.xcassets in Resources */,
				91DE132228297F21002302B9 /* Assets.xcassets in Resources */,
			);
			runOnlyForDeploymentPostprocessing = 0;
		};
/* End PBXResourcesBuildPhase section */

/* Begin PBXSourcesBuildPhase section */
		91DE131628297F20002302B9 /* Sources */ = {
			isa = PBXSourcesBuildPhase;
			buildActionMask = 2147483647;
			files = (
				91DE134928298A9E002302B9 /* MessagesView.swift in Sources */,
				91DE134D28298D29002302B9 /* ProfileView.swift in Sources */,
				91DE132028297F20002302B9 /* ContentView.swift in Sources */,
				91DE133C282981A2002302B9 /* TweetRowView.swift in Sources */,
				91DE134F2829A2D5002302B9 /* TweetFilterViewModel.swift in Sources */,
				91DE1339282980E2002302B9 /* FeedView.swift in Sources */,
				91DE131E28297F20002302B9 /* iTweetApp.swift in Sources */,
				91DE134528298A6E002302B9 /* ExploreView.swift in Sources */,
				91DE133F2829893C002302B9 /* MainTabView.swift in Sources */,
				91DE134728298A88002302B9 /* NotificationsView.swift in Sources */,
			);
			runOnlyForDeploymentPostprocessing = 0;
		};
/* End PBXSourcesBuildPhase section */

/* Begin XCBuildConfiguration section */
		91DE132628297F21002302B9 /* Debug */ = {
			isa = XCBuildConfiguration;
			buildSettings = {
				ALWAYS_SEARCH_USER_PATHS = NO;
				CLANG_ANALYZER_NONNULL = YES;
				CLANG_ANALYZER_NUMBER_OBJECT_CONVERSION = YES_AGGRESSIVE;
				CLANG_CXX_LANGUAGE_STANDARD = "gnu++17";
				CLANG_ENABLE_MODULES = YES;
				CLANG_ENABLE_OBJC_ARC = YES;
				CLANG_ENABLE_OBJC_WEAK = YES;
				CLANG_WARN_BLOCK_CAPTURE_AUTORELEASING = YES;
				CLANG_WARN_BOOL_CONVERSION = YES;
				CLANG_WARN_COMMA = YES;
				CLANG_WARN_CONSTANT_CONVERSION = YES;
				CLANG_WARN_DEPRECATED_OBJC_IMPLEMENTATIONS = YES;
				CLANG_WARN_DIRECT_OBJC_ISA_USAGE = YES_ERROR;
				CLANG_WARN_DOCUMENTATION_COMMENTS = YES;
				CLANG_WARN_EMPTY_BODY = YES;
				CLANG_WARN_ENUM_CONVERSION = YES;
				CLANG_WARN_INFINITE_RECURSION = YES;
				CLANG_WARN_INT_CONVERSION = YES;
				CLANG_WARN_NON_LITERAL_NULL_CONVERSION = YES;
				CLANG_WARN_OBJC_IMPLICIT_RETAIN_SELF = YES;
				CLANG_WARN_OBJC_LITERAL_CONVERSION = YES;
				CLANG_WARN_OBJC_ROOT_CLASS = YES_ERROR;
				CLANG_WARN_QUOTED_INCLUDE_IN_FRAMEWORK_HEADER = YES;
				CLANG_WARN_RANGE_LOOP_ANALYSIS = YES;
				CLANG_WARN_STRICT_PROTOTYPES = YES;
				CLANG_WARN_SUSPICIOUS_MOVE = YES;
				CLANG_WARN_UNGUARDED_AVAILABILITY = YES_AGGRESSIVE;
				CLANG_WARN_UNREACHABLE_CODE = YES;
				CLANG_WARN__DUPLICATE_METHOD_MATCH = YES;
				COPY_PHASE_STRIP = NO;
				DEBUG_INFORMATION_FORMAT = dwarf;
				ENABLE_STRICT_OBJC_MSGSEND = YES;
				ENABLE_TESTABILITY = YES;
				GCC_C_LANGUAGE_STANDARD = gnu11;
				GCC_DYNAMIC_NO_PIC = NO;
				GCC_NO_COMMON_BLOCKS = YES;
				GCC_OPTIMIZATION_LEVEL = 0;
				GCC_PREPROCESSOR_DEFINITIONS = (
					"DEBUG=1",
					"$(inherited)",
				);
				GCC_WARN_64_TO_32_BIT_CONVERSION = YES;
				GCC_WARN_ABOUT_RETURN_TYPE = YES_ERROR;
				GCC_WARN_UNDECLARED_SELECTOR = YES;
				GCC_WARN_UNINITIALIZED_AUTOS = YES_AGGRESSIVE;
				GCC_WARN_UNUSED_FUNCTION = YES;
				GCC_WARN_UNUSED_VARIABLE = YES;
				IPHONEOS_DEPLOYMENT_TARGET = 15.4;
				MTL_ENABLE_DEBUG_INFO = INCLUDE_SOURCE;
				MTL_FAST_MATH = YES;
				ONLY_ACTIVE_ARCH = YES;
				SDKROOT = iphoneos;
				SWIFT_ACTIVE_COMPILATION_CONDITIONS = DEBUG;
				SWIFT_OPTIMIZATION_LEVEL = "-Onone";
			};
			name = Debug;
		};
		91DE132728297F21002302B9 /* Release */ = {
			isa = XCBuildConfiguration;
			buildSettings = {
				ALWAYS_SEARCH_USER_PATHS = NO;
				CLANG_ANALYZER_NONNULL = YES;
				CLANG_ANALYZER_NUMBER_OBJECT_CONVERSION = YES_AGGRESSIVE;
				CLANG_CXX_LANGUAGE_STANDARD = "gnu++17";
				CLANG_ENABLE_MODULES = YES;
				CLANG_ENABLE_OBJC_ARC = YES;
				CLANG_ENABLE_OBJC_WEAK = YES;
				CLANG_WARN_BLOCK_CAPTURE_AUTORELEASING = YES;
				CLANG_WARN_BOOL_CONVERSION = YES;
				CLANG_WARN_COMMA = YES;
				CLANG_WARN_CONSTANT_CONVERSION = YES;
				CLANG_WARN_DEPRECATED_OBJC_IMPLEMENTATIONS = YES;
				CLANG_WARN_DIRECT_OBJC_ISA_USAGE = YES_ERROR;
				CLANG_WARN_DOCUMENTATION_COMMENTS = YES;
				CLANG_WARN_EMPTY_BODY = YES;
				CLANG_WARN_ENUM_CONVERSION = YES;
				CLANG_WARN_INFINITE_RECURSION = YES;
				CLANG_WARN_INT_CONVERSION = YES;
				CLANG_WARN_NON_LITERAL_NULL_CONVERSION = YES;
				CLANG_WARN_OBJC_IMPLICIT_RETAIN_SELF = YES;
				CLANG_WARN_OBJC_LITERAL_CONVERSION = YES;
				CLANG_WARN_OBJC_ROOT_CLASS = YES_ERROR;
				CLANG_WARN_QUOTED_INCLUDE_IN_FRAMEWORK_HEADER = YES;
				CLANG_WARN_RANGE_LOOP_ANALYSIS = YES;
				CLANG_WARN_STRICT_PROTOTYPES = YES;
				CLANG_WARN_SUSPICIOUS_MOVE = YES;
				CLANG_WARN_UNGUARDED_AVAILABILITY = YES_AGGRESSIVE;
				CLANG_WARN_UNREACHABLE_CODE = YES;
				CLANG_WARN__DUPLICATE_METHOD_MATCH = YES;
				COPY_PHASE_STRIP = NO;
				DEBUG_INFORMATION_FORMAT = "dwarf-with-dsym";
				ENABLE_NS_ASSERTIONS = NO;
				ENABLE_STRICT_OBJC_MSGSEND = YES;
				GCC_C_LANGUAGE_STANDARD = gnu11;
				GCC_NO_COMMON_BLOCKS = YES;
				GCC_WARN_64_TO_32_BIT_CONVERSION = YES;
				GCC_WARN_ABOUT_RETURN_TYPE = YES_ERROR;
				GCC_WARN_UNDECLARED_SELECTOR = YES;
				GCC_WARN_UNINITIALIZED_AUTOS = YES_AGGRESSIVE;
				GCC_WARN_UNUSED_FUNCTION = YES;
				GCC_WARN_UNUSED_VARIABLE = YES;
				IPHONEOS_DEPLOYMENT_TARGET = 15.4;
				MTL_ENABLE_DEBUG_INFO = NO;
				MTL_FAST_MATH = YES;
				SDKROOT = iphoneos;
				SWIFT_COMPILATION_MODE = wholemodule;
				SWIFT_OPTIMIZATION_LEVEL = "-O";
				VALIDATE_PRODUCT = YES;
			};
			name = Release;
		};
		91DE132928297F21002302B9 /* Debug */ = {
			isa = XCBuildConfiguration;
			buildSettings = {
				ASSETCATALOG_COMPILER_APPICON_NAME = AppIcon;
				ASSETCATALOG_COMPILER_GLOBAL_ACCENT_COLOR_NAME = AccentColor;
				CODE_SIGN_STYLE = Automatic;
				CURRENT_PROJECT_VERSION = 1;
				DEVELOPMENT_ASSET_PATHS = "\"iTweet/Preview Content\"";
				DEVELOPMENT_TEAM = R6T7FT27QA;
				ENABLE_PREVIEWS = YES;
				GENERATE_INFOPLIST_FILE = YES;
				INFOPLIST_KEY_UIApplicationSceneManifest_Generation = YES;
				INFOPLIST_KEY_UIApplicationSupportsIndirectInputEvents = YES;
				INFOPLIST_KEY_UILaunchScreen_Generation = YES;
				INFOPLIST_KEY_UISupportedInterfaceOrientations_iPad = "UIInterfaceOrientationPortrait UIInterfaceOrientationPortraitUpsideDown UIInterfaceOrientationLandscapeLeft UIInterfaceOrientationLandscapeRight";
				INFOPLIST_KEY_UISupportedInterfaceOrientations_iPhone = "UIInterfaceOrientationPortrait UIInterfaceOrientationLandscapeLeft UIInterfaceOrientationLandscapeRight";
				LD_RUNPATH_SEARCH_PATHS = (
					"$(inherited)",
					"@executable_path/Frameworks",
				);
				MARKETING_VERSION = 1.0;
				PRODUCT_BUNDLE_IDENTIFIER = com.kyeicus.iTweet;
				PRODUCT_NAME = "$(TARGET_NAME)";
				SWIFT_EMIT_LOC_STRINGS = YES;
				SWIFT_VERSION = 5.0;
				TARGETED_DEVICE_FAMILY = "1,2";
			};
			name = Debug;
		};
		91DE132A28297F21002302B9 /* Release */ = {
			isa = XCBuildConfiguration;
			buildSettings = {
				ASSETCATALOG_COMPILER_APPICON_NAME = AppIcon;
				ASSETCATALOG_COMPILER_GLOBAL_ACCENT_COLOR_NAME = AccentColor;
				CODE_SIGN_STYLE = Automatic;
				CURRENT_PROJECT_VERSION = 1;
				DEVELOPMENT_ASSET_PATHS = "\"iTweet/Preview Content\"";
				DEVELOPMENT_TEAM = R6T7FT27QA;
				ENABLE_PREVIEWS = YES;
				GENERATE_INFOPLIST_FILE = YES;
				INFOPLIST_KEY_UIApplicationSceneManifest_Generation = YES;
				INFOPLIST_KEY_UIApplicationSupportsIndirectInputEvents = YES;
				INFOPLIST_KEY_UILaunchScreen_Generation = YES;
				INFOPLIST_KEY_UISupportedInterfaceOrientations_iPad = "UIInterfaceOrientationPortrait UIInterfaceOrientationPortraitUpsideDown UIInterfaceOrientationLandscapeLeft UIInterfaceOrientationLandscapeRight";
				INFOPLIST_KEY_UISupportedInterfaceOrientations_iPhone = "UIInterfaceOrientationPortrait UIInterfaceOrientationLandscapeLeft UIInterfaceOrientationLandscapeRight";
				LD_RUNPATH_SEARCH_PATHS = (
					"$(inherited)",
					"@executable_path/Frameworks",
				);
				MARKETING_VERSION = 1.0;
				PRODUCT_BUNDLE_IDENTIFIER = com.kyeicus.iTweet;
				PRODUCT_NAME = "$(TARGET_NAME)";
				SWIFT_EMIT_LOC_STRINGS = YES;
				SWIFT_VERSION = 5.0;
				TARGETED_DEVICE_FAMILY = "1,2";
			};
			name = Release;
		};
/* End XCBuildConfiguration section */

/* Begin XCConfigurationList section */
		91DE131528297F20002302B9 /* Build configuration list for PBXProject "iTweet" */ = {
			isa = XCConfigurationList;
			buildConfigurations = (
				91DE132628297F21002302B9 /* Debug */,
				91DE132728297F21002302B9 /* Release */,
			);
			defaultConfigurationIsVisible = 0;
			defaultConfigurationName = Release;
		};
		91DE132828297F21002302B9 /* Build configuration list for PBXNativeTarget "iTweet" */ = {
			isa = XCConfigurationList;
			buildConfigurations = (
				91DE132928297F21002302B9 /* Debug */,
				91DE132A28297F21002302B9 /* Release */,
			);
			defaultConfigurationIsVisible = 0;
			defaultConfigurationName = Release;
		};
/* End XCConfigurationList section */
	};
	rootObject = 91DE131228297F20002302B9 /* Project object */;
}
