// !$*UTF8*$!
{
	archiveVersion = 1;
	classes = {
	};
	objectVersion = 55;
	objects = {

/* Begin PBXBuildFile section */
		91019583283EFD6400627E41 /* SideMenuView.swift in Sources */ = {isa = PBXBuildFile; fileRef = 91019582283EFD6400627E41 /* SideMenuView.swift */; };
		91019585283EFD7C00627E41 /* SideMenuRowView.swift in Sources */ = {isa = PBXBuildFile; fileRef = 91019584283EFD7C00627E41 /* SideMenuRowView.swift */; };
		91019587283EFD8800627E41 /* SideMenuViewModel.swift in Sources */ = {isa = PBXBuildFile; fileRef = 91019586283EFD8800627E41 /* SideMenuViewModel.swift */; };
		911FD5A928485EFF00508C43 /* UserService.swift in Sources */ = {isa = PBXBuildFile; fileRef = 911FD5A828485EFF00508C43 /* UserService.swift */; };
		911FD5AB2848617E00508C43 /* User.swift in Sources */ = {isa = PBXBuildFile; fileRef = 911FD5AA2848617E00508C43 /* User.swift */; };
		911FD5AE28486C7300508C43 /* Kingfisher in Frameworks */ = {isa = PBXBuildFile; productRef = 911FD5AD28486C7300508C43 /* Kingfisher */; };
		913860002841A0F900CF77ED /* ProfilePhotoSelectorView.swift in Sources */ = {isa = PBXBuildFile; fileRef = 91385FFF2841A0F800CF77ED /* ProfilePhotoSelectorView.swift */; };
		913860032842E26B00CF77ED /* ImagePicker.swift in Sources */ = {isa = PBXBuildFile; fileRef = 913860022842E26B00CF77ED /* ImagePicker.swift */; };
		913860052843001F00CF77ED /* ImageUploader.swift in Sources */ = {isa = PBXBuildFile; fileRef = 913860042843001F00CF77ED /* ImageUploader.swift */; };
		91BF12CB283F0349002E3CCA /* UserStatsView.swift in Sources */ = {isa = PBXBuildFile; fileRef = 91BF12CA283F0349002E3CCA /* UserStatsView.swift */; };
		91BF12CD283F0C73002E3CCA /* SideMenuOptionRowView.swift in Sources */ = {isa = PBXBuildFile; fileRef = 91BF12CC283F0C73002E3CCA /* SideMenuOptionRowView.swift */; };
		91BF12D2283F1BCE002E3CCA /* NewTweetView.swift in Sources */ = {isa = PBXBuildFile; fileRef = 91BF12D1283F1BCE002E3CCA /* NewTweetView.swift */; };
		91BF12D4283F1E31002E3CCA /* TextArea.swift in Sources */ = {isa = PBXBuildFile; fileRef = 91BF12D3283F1E31002E3CCA /* TextArea.swift */; };
		91BF12D9283F2581002E3CCA /* LoginView.swift in Sources */ = {isa = PBXBuildFile; fileRef = 91BF12D8283F2581002E3CCA /* LoginView.swift */; };
		91BF12DB283F258D002E3CCA /* RegistrationView.swift in Sources */ = {isa = PBXBuildFile; fileRef = 91BF12DA283F258D002E3CCA /* RegistrationView.swift */; };
		91BF12DD283F2746002E3CCA /* RoundedShape.swift in Sources */ = {isa = PBXBuildFile; fileRef = 91BF12DC283F2746002E3CCA /* RoundedShape.swift */; };
		91BF12DF283F3321002E3CCA /* CustomInputField.swift in Sources */ = {isa = PBXBuildFile; fileRef = 91BF12DE283F3321002E3CCA /* CustomInputField.swift */; };
		91BF12E2283F4A54002E3CCA /* AuthHeader.swift in Sources */ = {isa = PBXBuildFile; fileRef = 91BF12E1283F4A54002E3CCA /* AuthHeader.swift */; };
		91D23185283FF93A005FEE90 /* AuthViewModel.swift in Sources */ = {isa = PBXBuildFile; fileRef = 91D23184283FF93A005FEE90 /* AuthViewModel.swift */; };
		91D2319028403C81005FEE90 /* GoogleService-Info.plist in Resources */ = {isa = PBXBuildFile; fileRef = 91D2318F28403C81005FEE90 /* GoogleService-Info.plist */; };
		91D2319328403D82005FEE90 /* FirebaseAuth in Frameworks */ = {isa = PBXBuildFile; productRef = 91D2319228403D82005FEE90 /* FirebaseAuth */; };
		91D2319528403D82005FEE90 /* FirebaseFirestore in Frameworks */ = {isa = PBXBuildFile; productRef = 91D2319428403D82005FEE90 /* FirebaseFirestore */; };
		91D2319728403D82005FEE90 /* FirebaseFirestoreSwift in Frameworks */ = {isa = PBXBuildFile; productRef = 91D2319628403D82005FEE90 /* FirebaseFirestoreSwift */; };
		91D2319928403D82005FEE90 /* FirebaseStorage in Frameworks */ = {isa = PBXBuildFile; productRef = 91D2319828403D82005FEE90 /* FirebaseStorage */; };
		91DE131E28297F20002302B9 /* iTweetApp.swift in Sources */ = {isa = PBXBuildFile; fileRef = 91DE131D28297F20002302B9 /* iTweetApp.swift */; };
		91DE132028297F20002302B9 /* ContentView.swift in Sources */ = {isa = PBXBuildFile; fileRef = 91DE131F28297F20002302B9 /* ContentView.swift */; };
		91DE132228297F21002302B9 /* Assets.xcassets in Resources */ = {isa = PBXBuildFile; fileRef = 91DE132128297F21002302B9 /* Assets.xcassets */; };
		91DE132528297F21002302B9 /* Preview Assets.xcassets in Resources */ = {isa = PBXBuildFile; fileRef = 91DE132428297F21002302B9 /* Preview Assets.xcassets */; };
		91DE1339282980E2002302B9 /* FeedView.swift in Sources */ = {isa = PBXBuildFile; fileRef = 91DE1338282980E2002302B9 /* FeedView.swift */; };
		91DE133C282981A2002302B9 /* TweetRowView.swift in Sources */ = {isa = PBXBuildFile; fileRef = 91DE133B282981A2002302B9 /* TweetRowView.swift */; };
		91DE133F2829893C002302B9 /* MainTabView.swift in Sources */ = {isa = PBXBuildFile; fileRef = 91DE133E2829893C002302B9 /* MainTabView.swift */; };
		91DE134528298A6E002302B9 /* ExploreView.swift in Sources */ = {isa = PBXBuildFile; fileRef = 91DE134428298A6E002302B9 /* ExploreView.swift */; };
		91DE134728298A88002302B9 /* NotificationsView.swift in Sources */ = {isa = PBXBuildFile; fileRef = 91DE134628298A88002302B9 /* NotificationsView.swift */; };
		91DE134928298A9E002302B9 /* MessagesView.swift in Sources */ = {isa = PBXBuildFile; fileRef = 91DE134828298A9E002302B9 /* MessagesView.swift */; };
		91DE134D28298D29002302B9 /* ProfileView.swift in Sources */ = {isa = PBXBuildFile; fileRef = 91DE134C28298D29002302B9 /* ProfileView.swift */; };
		91DE134F2829A2D5002302B9 /* TweetFilterViewModel.swift in Sources */ = {isa = PBXBuildFile; fileRef = 91DE134E2829A2D5002302B9 /* TweetFilterViewModel.swift */; };
		91DE1354282DD20A002302B9 /* UserRowView.swift in Sources */ = {isa = PBXBuildFile; fileRef = 91DE1353282DD20A002302B9 /* UserRowView.swift */; };
/* End PBXBuildFile section */

/* Begin PBXFileReference section */
		91019582283EFD6400627E41 /* SideMenuView.swift */ = {isa = PBXFileReference; lastKnownFileType = sourcecode.swift; path = SideMenuView.swift; sourceTree = "<group>"; };
		91019584283EFD7C00627E41 /* SideMenuRowView.swift */ = {isa = PBXFileReference; lastKnownFileType = sourcecode.swift; path = SideMenuRowView.swift; sourceTree = "<group>"; };
		91019586283EFD8800627E41 /* SideMenuViewModel.swift */ = {isa = PBXFileReference; lastKnownFileType = sourcecode.swift; path = SideMenuViewModel.swift; sourceTree = "<group>"; };
		911076CA2836F31D002B1DCC /* Info.plist */ = {isa = PBXFileReference; lastKnownFileType = text.plist; path = Info.plist; sourceTree = "<group>"; };
		911FD5A828485EFF00508C43 /* UserService.swift */ = {isa = PBXFileReference; lastKnownFileType = sourcecode.swift; path = UserService.swift; sourceTree = "<group>"; };
		911FD5AA2848617E00508C43 /* User.swift */ = {isa = PBXFileReference; lastKnownFileType = sourcecode.swift; path = User.swift; sourceTree = "<group>"; };
		91385FFF2841A0F800CF77ED /* ProfilePhotoSelectorView.swift */ = {isa = PBXFileReference; lastKnownFileType = sourcecode.swift; path = ProfilePhotoSelectorView.swift; sourceTree = "<group>"; };
		913860022842E26B00CF77ED /* ImagePicker.swift */ = {isa = PBXFileReference; lastKnownFileType = sourcecode.swift; path = ImagePicker.swift; sourceTree = "<group>"; };
		913860042843001F00CF77ED /* ImageUploader.swift */ = {isa = PBXFileReference; lastKnownFileType = sourcecode.swift; path = ImageUploader.swift; sourceTree = "<group>"; };
		91BF12CA283F0349002E3CCA /* UserStatsView.swift */ = {isa = PBXFileReference; lastKnownFileType = sourcecode.swift; path = UserStatsView.swift; sourceTree = "<group>"; };
		91BF12CC283F0C73002E3CCA /* SideMenuOptionRowView.swift */ = {isa = PBXFileReference; lastKnownFileType = sourcecode.swift; path = SideMenuOptionRowView.swift; sourceTree = "<group>"; };
		91BF12D1283F1BCE002E3CCA /* NewTweetView.swift */ = {isa = PBXFileReference; lastKnownFileType = sourcecode.swift; path = NewTweetView.swift; sourceTree = "<group>"; };
		91BF12D3283F1E31002E3CCA /* TextArea.swift */ = {isa = PBXFileReference; lastKnownFileType = sourcecode.swift; path = TextArea.swift; sourceTree = "<group>"; };
		91BF12D8283F2581002E3CCA /* LoginView.swift */ = {isa = PBXFileReference; lastKnownFileType = sourcecode.swift; path = LoginView.swift; sourceTree = "<group>"; };
		91BF12DA283F258D002E3CCA /* RegistrationView.swift */ = {isa = PBXFileReference; lastKnownFileType = sourcecode.swift; path = RegistrationView.swift; sourceTree = "<group>"; };
		91BF12DC283F2746002E3CCA /* RoundedShape.swift */ = {isa = PBXFileReference; lastKnownFileType = sourcecode.swift; path = RoundedShape.swift; sourceTree = "<group>"; };
		91BF12DE283F3321002E3CCA /* CustomInputField.swift */ = {isa = PBXFileReference; lastKnownFileType = sourcecode.swift; path = CustomInputField.swift; sourceTree = "<group>"; };
		91BF12E1283F4A54002E3CCA /* AuthHeader.swift */ = {isa = PBXFileReference; lastKnownFileType = sourcecode.swift; path = AuthHeader.swift; sourceTree = "<group>"; };
		91D23184283FF93A005FEE90 /* AuthViewModel.swift */ = {isa = PBXFileReference; lastKnownFileType = sourcecode.swift; path = AuthViewModel.swift; sourceTree = "<group>"; };
		91D2318F28403C81005FEE90 /* GoogleService-Info.plist */ = {isa = PBXFileReference; lastKnownFileType = text.plist; path = "GoogleService-Info.plist"; sourceTree = SOURCE_ROOT; };
		91DE131A28297F20002302B9 /* iTweet.app */ = {isa = PBXFileReference; explicitFileType = wrapper.application; includeInIndex = 0; path = iTweet.app; sourceTree = BUILT_PRODUCTS_DIR; };
		91DE131D28297F20002302B9 /* iTweetApp.swift */ = {isa = PBXFileReference; lastKnownFileType = sourcecode.swift; path = iTweetApp.swift; sourceTree = "<group>"; };
		91DE131F28297F20002302B9 /* ContentView.swift */ = {isa = PBXFileReference; lastKnownFileType = sourcecode.swift; path = ContentView.swift; sourceTree = "<group>"; };
		91DE132128297F21002302B9 /* Assets.xcassets */ = {isa = PBXFileReference; lastKnownFileType = folder.assetcatalog; path = Assets.xcassets; sourceTree = "<group>"; };
		91DE132428297F21002302B9 /* Preview Assets.xcassets */ = {isa = PBXFileReference; lastKnownFileType = folder.assetcatalog; path = "Preview Assets.xcassets"; sourceTree = "<group>"; };
		91DE1338282980E2002302B9 /* FeedView.swift */ = {isa = PBXFileReference; lastKnownFileType = sourcecode.swift; path = FeedView.swift; sourceTree = "<group>"; };
		91DE133B282981A2002302B9 /* TweetRowView.swift */ = {isa = PBXFileReference; lastKnownFileType = sourcecode.swift; path = TweetRowView.swift; sourceTree = "<group>"; };
		91DE133E2829893C002302B9 /* MainTabView.swift */ = {isa = PBXFileReference; lastKnownFileType = sourcecode.swift; path = MainTabView.swift; sourceTree = "<group>"; };
		91DE134428298A6E002302B9 /* ExploreView.swift */ = {isa = PBXFileReference; lastKnownFileType = sourcecode.swift; path = ExploreView.swift; sourceTree = "<group>"; };
		91DE134628298A88002302B9 /* NotificationsView.swift */ = {isa = PBXFileReference; lastKnownFileType = sourcecode.swift; path = NotificationsView.swift; sourceTree = "<group>"; };
		91DE134828298A9E002302B9 /* MessagesView.swift */ = {isa = PBXFileReference; lastKnownFileType = sourcecode.swift; path = MessagesView.swift; sourceTree = "<group>"; };
		91DE134C28298D29002302B9 /* ProfileView.swift */ = {isa = PBXFileReference; lastKnownFileType = sourcecode.swift; path = ProfileView.swift; sourceTree = "<group>"; };
		91DE134E2829A2D5002302B9 /* TweetFilterViewModel.swift */ = {isa = PBXFileReference; lastKnownFileType = sourcecode.swift; path = TweetFilterViewModel.swift; sourceTree = "<group>"; };
		91DE1353282DD20A002302B9 /* UserRowView.swift */ = {isa = PBXFileReference; lastKnownFileType = sourcecode.swift; path = UserRowView.swift; sourceTree = "<group>"; };
/* End PBXFileReference section */

/* Begin PBXFrameworksBuildPhase section */
		91DE131728297F20002302B9 /* Frameworks */ = {
			isa = PBXFrameworksBuildPhase;
			buildActionMask = 2147483647;
			files = (
				91D2319328403D82005FEE90 /* FirebaseAuth in Frameworks */,
				91D2319928403D82005FEE90 /* FirebaseStorage in Frameworks */,
				91D2319528403D82005FEE90 /* FirebaseFirestore in Frameworks */,
				91D2319728403D82005FEE90 /* FirebaseFirestoreSwift in Frameworks */,
				911FD5AE28486C7300508C43 /* Kingfisher in Frameworks */,
			);
			runOnlyForDeploymentPostprocessing = 0;
		};
/* End PBXFrameworksBuildPhase section */

/* Begin PBXGroup section */
		9101957F283EFD0400627E41 /* SideMenu */ = {
			isa = PBXGroup;
			children = (
				91019581283EFD2200627E41 /* ViewModel */,
				91019580283EFD1900627E41 /* View */,
			);
			path = SideMenu;
			sourceTree = "<group>";
		};
		91019580283EFD1900627E41 /* View */ = {
			isa = PBXGroup;
			children = (
				91019582283EFD6400627E41 /* SideMenuView.swift */,
				91BF12CC283F0C73002E3CCA /* SideMenuOptionRowView.swift */,
				91019584283EFD7C00627E41 /* SideMenuRowView.swift */,
			);
			path = View;
			sourceTree = "<group>";
		};
		91019581283EFD2200627E41 /* ViewModel */ = {
			isa = PBXGroup;
			children = (
				91019586283EFD8800627E41 /* SideMenuViewModel.swift */,
			);
			path = ViewModel;
			sourceTree = "<group>";
		};
		913860012842E25200CF77ED /* Utils */ = {
			isa = PBXGroup;
			children = (
				913860022842E26B00CF77ED /* ImagePicker.swift */,
			);
			path = Utils;
			sourceTree = "<group>";
		};
		91BF12CE283F1B9F002E3CCA /*  UploadTweet */ = {
			isa = PBXGroup;
			children = (
				91BF12D0283F1BC2002E3CCA /* Views */,
				91BF12CF283F1BB8002E3CCA /* ViewModel */,
			);
			path = " UploadTweet";
			sourceTree = "<group>";
		};
		91BF12CF283F1BB8002E3CCA /* ViewModel */ = {
			isa = PBXGroup;
			children = (
			);
			path = ViewModel;
			sourceTree = "<group>";
		};
		91BF12D0283F1BC2002E3CCA /* Views */ = {
			isa = PBXGroup;
			children = (
				91BF12D1283F1BCE002E3CCA /* NewTweetView.swift */,
			);
			path = Views;
			sourceTree = "<group>";
		};
		91BF12D5283F255A002E3CCA /* Authentication */ = {
			isa = PBXGroup;
			children = (
				91BF12D7283F256E002E3CCA /* ViewModel */,
				91BF12D6283F2564002E3CCA /* Views */,
			);
			path = Authentication;
			sourceTree = "<group>";
		};
		91BF12D6283F2564002E3CCA /* Views */ = {
			isa = PBXGroup;
			children = (
				91BF12D8283F2581002E3CCA /* LoginView.swift */,
				91BF12DA283F258D002E3CCA /* RegistrationView.swift */,
				91385FFF2841A0F800CF77ED /* ProfilePhotoSelectorView.swift */,
			);
			path = Views;
			sourceTree = "<group>";
		};
		91BF12D7283F256E002E3CCA /* ViewModel */ = {
			isa = PBXGroup;
			children = (
				91D23184283FF93A005FEE90 /* AuthViewModel.swift */,
			);
			path = ViewModel;
			sourceTree = "<group>";
		};
		91BF12E0283F4A2E002E3CCA /* Authentication */ = {
			isa = PBXGroup;
			children = (
				91BF12E1283F4A54002E3CCA /* AuthHeader.swift */,
			);
			path = Authentication;
			sourceTree = "<group>";
		};
		91DE131128297F20002302B9 = {
			isa = PBXGroup;
			children = (
				91DE131C28297F20002302B9 /* iTweet */,
				91DE131B28297F20002302B9 /* Products */,
			);
			sourceTree = "<group>";
		};
		91DE131B28297F20002302B9 /* Products */ = {
			isa = PBXGroup;
			children = (
				91DE131A28297F20002302B9 /* iTweet.app */,
			);
			name = Products;
			sourceTree = "<group>";
		};
		91DE131C28297F20002302B9 /* iTweet */ = {
			isa = PBXGroup;
			children = (
				913860012842E25200CF77ED /* Utils */,
				911076CA2836F31D002B1DCC /* Info.plist */,
				91DE133328298099002302B9 /* Extensions */,
				91DE133228298094002302B9 /* Model */,
				91DE133128298081002302B9 /* Service */,
				91DE13302829807A002302B9 /* Core */,
				91DE131D28297F20002302B9 /* iTweetApp.swift */,
				91DE131F28297F20002302B9 /* ContentView.swift */,
				91D2318F28403C81005FEE90 /* GoogleService-Info.plist */,
				91DE132128297F21002302B9 /* Assets.xcassets */,
				91DE132328297F21002302B9 /* Preview Content */,
			);
			path = iTweet;
			sourceTree = "<group>";
		};
		91DE132328297F21002302B9 /* Preview Content */ = {
			isa = PBXGroup;
			children = (
				91DE132428297F21002302B9 /* Preview Assets.xcassets */,
			);
			path = "Preview Content";
			sourceTree = "<group>";
		};
		91DE13302829807A002302B9 /* Core */ = {
			isa = PBXGroup;
			children = (
				91DE1334282980AB002302B9 /* Components */,
				91BF12D5283F255A002E3CCA /* Authentication */,
				91BF12CE283F1B9F002E3CCA /*  UploadTweet */,
				9101957F283EFD0400627E41 /* SideMenu */,
				91DE134328298A50002302B9 /* Profile */,
				91DE134228298A46002302B9 /* Messages */,
				91DE134128298A3E002302B9 /* Notifications */,
				91DE134028298A38002302B9 /* Explore */,
				91DE133D2829892C002302B9 /* MainTab */,
				91DE1335282980BD002302B9 /* Feed */,
			);
			path = Core;
			sourceTree = "<group>";
		};
		91DE133128298081002302B9 /* Service */ = {
			isa = PBXGroup;
			children = (
				913860042843001F00CF77ED /* ImageUploader.swift */,
				911FD5A828485EFF00508C43 /* UserService.swift */,
			);
			path = Service;
			sourceTree = "<group>";
		};
		91DE133228298094002302B9 /* Model */ = {
			isa = PBXGroup;
			children = (
				911FD5AA2848617E00508C43 /* User.swift */,
			);
			path = Model;
			sourceTree = "<group>";
		};
		91DE133328298099002302B9 /* Extensions */ = {
			isa = PBXGroup;
			children = (
			);
			path = Extensions;
			sourceTree = "<group>";
		};
		91DE1334282980AB002302B9 /* Components */ = {
			isa = PBXGroup;
			children = (
				91BF12E0283F4A2E002E3CCA /* Authentication */,
				91DE1352282DD1E8002302B9 /* Users */,
				91DE133A28298164002302B9 /* Tweets */,
			);
			path = Components;
			sourceTree = "<group>";
		};
		91DE1335282980BD002302B9 /* Feed */ = {
			isa = PBXGroup;
			children = (
				91DE1337282980CF002302B9 /* View Model */,
				91DE1336282980C8002302B9 /* View */,
			);
			path = Feed;
			sourceTree = "<group>";
		};
		91DE1336282980C8002302B9 /* View */ = {
			isa = PBXGroup;
			children = (
				91DE1338282980E2002302B9 /* FeedView.swift */,
			);
			path = View;
			sourceTree = "<group>";
		};
		91DE1337282980CF002302B9 /* View Model */ = {
			isa = PBXGroup;
			children = (
			);
			path = "View Model";
			sourceTree = "<group>";
		};
		91DE133A28298164002302B9 /* Tweets */ = {
			isa = PBXGroup;
			children = (
				91DE133B282981A2002302B9 /* TweetRowView.swift */,
				91BF12D3283F1E31002E3CCA /* TextArea.swift */,
				91BF12DC283F2746002E3CCA /* RoundedShape.swift */,
				91BF12DE283F3321002E3CCA /* CustomInputField.swift */,
			);
			path = Tweets;
			sourceTree = "<group>";
		};
		91DE133D2829892C002302B9 /* MainTab */ = {
			isa = PBXGroup;
			children = (
				91DE133E2829893C002302B9 /* MainTabView.swift */,
			);
			path = MainTab;
			sourceTree = "<group>";
		};
		91DE134028298A38002302B9 /* Explore */ = {
			isa = PBXGroup;
			children = (
				91DE1351282DD1BE002302B9 /* ViewModels */,
				91DE1350282DD1AA002302B9 /* View */,
			);
			path = Explore;
			sourceTree = "<group>";
		};
		91DE134128298A3E002302B9 /* Notifications */ = {
			isa = PBXGroup;
			children = (
				91DE134628298A88002302B9 /* NotificationsView.swift */,
			);
			path = Notifications;
			sourceTree = "<group>";
		};
		91DE134228298A46002302B9 /* Messages */ = {
			isa = PBXGroup;
			children = (
				91DE134828298A9E002302B9 /* MessagesView.swift */,
			);
			path = Messages;
			sourceTree = "<group>";
		};
		91DE134328298A50002302B9 /* Profile */ = {
			isa = PBXGroup;
			children = (
				91DE134B28298D1F002302B9 /* View */,
				91DE134A28298D16002302B9 /* ViewModel */,
			);
			path = Profile;
			sourceTree = "<group>";
		};
		91DE134A28298D16002302B9 /* ViewModel */ = {
			isa = PBXGroup;
			children = (
				91DE134E2829A2D5002302B9 /* TweetFilterViewModel.swift */,
			);
			path = ViewModel;
			sourceTree = "<group>";
		};
		91DE134B28298D1F002302B9 /* View */ = {
			isa = PBXGroup;
			children = (
				91DE134C28298D29002302B9 /* ProfileView.swift */,
			);
			path = View;
			sourceTree = "<group>";
		};
		91DE1350282DD1AA002302B9 /* View */ = {
			isa = PBXGroup;
			children = (
				91DE134428298A6E002302B9 /* ExploreView.swift */,
			);
			path = View;
			sourceTree = "<group>";
		};
		91DE1351282DD1BE002302B9 /* ViewModels */ = {
			isa = PBXGroup;
			children = (
			);
			path = ViewModels;
			sourceTree = "<group>";
		};
		91DE1352282DD1E8002302B9 /* Users */ = {
			isa = PBXGroup;
			children = (
				91DE1353282DD20A002302B9 /* UserRowView.swift */,
				91BF12CA283F0349002E3CCA /* UserStatsView.swift */,
			);
			path = Users;
			sourceTree = "<group>";
		};
/* End PBXGroup section */

/* Begin PBXNativeTarget section */
		91DE131928297F20002302B9 /* iTweet */ = {
			isa = PBXNativeTarget;
			buildConfigurationList = 91DE132828297F21002302B9 /* Build configuration list for PBXNativeTarget "iTweet" */;
			buildPhases = (
				91DE131628297F20002302B9 /* Sources */,
				91DE131728297F20002302B9 /* Frameworks */,
				91DE131828297F20002302B9 /* Resources */,
			);
			buildRules = (
			);
			dependencies = (
			);
			name = iTweet;
			packageProductDependencies = (
				91D2319228403D82005FEE90 /* FirebaseAuth */,
				91D2319428403D82005FEE90 /* FirebaseFirestore */,
				91D2319628403D82005FEE90 /* FirebaseFirestoreSwift */,
				91D2319828403D82005FEE90 /* FirebaseStorage */,
				911FD5AD28486C7300508C43 /* Kingfisher */,
			);
			productName = iTweet;
			productReference = 91DE131A28297F20002302B9 /* iTweet.app */;
			productType = "com.apple.product-type.application";
		};
/* End PBXNativeTarget section */

/* Begin PBXProject section */
		91DE131228297F20002302B9 /* Project object */ = {
			isa = PBXProject;
			attributes = {
				BuildIndependentTargetsInParallel = 1;
				LastSwiftUpdateCheck = 1330;
				LastUpgradeCheck = 1330;
				TargetAttributes = {
					91DE131928297F20002302B9 = {
						CreatedOnToolsVersion = 13.3;
					};
				};
			};
			buildConfigurationList = 91DE131528297F20002302B9 /* Build configuration list for PBXProject "iTweet" */;
			compatibilityVersion = "Xcode 13.0";
			developmentRegion = en;
			hasScannedForEncodings = 0;
			knownRegions = (
				en,
				Base,
			);
			mainGroup = 91DE131128297F20002302B9;
			packageReferences = (
				91D2319128403D82005FEE90 /* XCRemoteSwiftPackageReference "firebase-ios-sdk" */,
				911FD5AC28486C7300508C43 /* XCRemoteSwiftPackageReference "Kingfisher" */,
			);
			productRefGroup = 91DE131B28297F20002302B9 /* Products */;
			projectDirPath = "";
			projectRoot = "";
			targets = (
				91DE131928297F20002302B9 /* iTweet */,
			);
		};
/* End PBXProject section */

/* Begin PBXResourcesBuildPhase section */
		91DE131828297F20002302B9 /* Resources */ = {
			isa = PBXResourcesBuildPhase;
			buildActionMask = 2147483647;
			files = (
				91DE132528297F21002302B9 /* Preview Assets.xcassets in Resources */,
				91DE132228297F21002302B9 /* Assets.xcassets in Resources */,
				91D2319028403C81005FEE90 /* GoogleService-Info.plist in Resources */,
			);
			runOnlyForDeploymentPostprocessing = 0;
		};
/* End PBXResourcesBuildPhase section */

/* Begin PBXSourcesBuildPhase section */
		91DE131628297F20002302B9 /* Sources */ = {
			isa = PBXSourcesBuildPhase;
			buildActionMask = 2147483647;
			files = (
				911FD5A928485EFF00508C43 /* UserService.swift in Sources */,
				91DE134928298A9E002302B9 /* MessagesView.swift in Sources */,
				91DE134D28298D29002302B9 /* ProfileView.swift in Sources */,
				91DE132028297F20002302B9 /* ContentView.swift in Sources */,
				91019585283EFD7C00627E41 /* SideMenuRowView.swift in Sources */,
				91BF12E2283F4A54002E3CCA /* AuthHeader.swift in Sources */,
				91DE133C282981A2002302B9 /* TweetRowView.swift in Sources */,
				91DE134F2829A2D5002302B9 /* TweetFilterViewModel.swift in Sources */,
				911FD5AB2848617E00508C43 /* User.swift in Sources */,
				91BF12DF283F3321002E3CCA /* CustomInputField.swift in Sources */,
				91DE1339282980E2002302B9 /* FeedView.swift in Sources */,
				91BF12D4283F1E31002E3CCA /* TextArea.swift in Sources */,
				91019583283EFD6400627E41 /* SideMenuView.swift in Sources */,
				91DE131E28297F20002302B9 /* iTweetApp.swift in Sources */,
				91BF12D2283F1BCE002E3CCA /* NewTweetView.swift in Sources */,
				913860032842E26B00CF77ED /* ImagePicker.swift in Sources */,
				91DE134528298A6E002302B9 /* ExploreView.swift in Sources */,
				913860002841A0F900CF77ED /* ProfilePhotoSelectorView.swift in Sources */,
				91019587283EFD8800627E41 /* SideMenuViewModel.swift in Sources */,
				91DE1354282DD20A002302B9 /* UserRowView.swift in Sources */,
				91BF12DD283F2746002E3CCA /* RoundedShape.swift in Sources */,
				91BF12CD283F0C73002E3CCA /* SideMenuOptionRowView.swift in Sources */,
				91DE133F2829893C002302B9 /* MainTabView.swift in Sources */,
				91BF12D9283F2581002E3CCA /* LoginView.swift in Sources */,
				91D23185283FF93A005FEE90 /* AuthViewModel.swift in Sources */,
				913860052843001F00CF77ED /* ImageUploader.swift in Sources */,
				91DE134728298A88002302B9 /* NotificationsView.swift in Sources */,
				91BF12CB283F0349002E3CCA /* UserStatsView.swift in Sources */,
				91BF12DB283F258D002E3CCA /* RegistrationView.swift in Sources */,
			);
			runOnlyForDeploymentPostprocessing = 0;
		};
/* End PBXSourcesBuildPhase section */

/* Begin XCBuildConfiguration section */
		91DE132628297F21002302B9 /* Debug */ = {
			isa = XCBuildConfiguration;
			buildSettings = {
				ALWAYS_SEARCH_USER_PATHS = NO;
				CLANG_ANALYZER_NONNULL = YES;
				CLANG_ANALYZER_NUMBER_OBJECT_CONVERSION = YES_AGGRESSIVE;
				CLANG_CXX_LANGUAGE_STANDARD = "gnu++17";
				CLANG_ENABLE_MODULES = YES;
				CLANG_ENABLE_OBJC_ARC = YES;
				CLANG_ENABLE_OBJC_WEAK = YES;
				CLANG_WARN_BLOCK_CAPTURE_AUTORELEASING = YES;
				CLANG_WARN_BOOL_CONVERSION = YES;
				CLANG_WARN_COMMA = YES;
				CLANG_WARN_CONSTANT_CONVERSION = YES;
				CLANG_WARN_DEPRECATED_OBJC_IMPLEMENTATIONS = YES;
				CLANG_WARN_DIRECT_OBJC_ISA_USAGE = YES_ERROR;
				CLANG_WARN_DOCUMENTATION_COMMENTS = YES;
				CLANG_WARN_EMPTY_BODY = YES;
				CLANG_WARN_ENUM_CONVERSION = YES;
				CLANG_WARN_INFINITE_RECURSION = YES;
				CLANG_WARN_INT_CONVERSION = YES;
				CLANG_WARN_NON_LITERAL_NULL_CONVERSION = YES;
				CLANG_WARN_OBJC_IMPLICIT_RETAIN_SELF = YES;
				CLANG_WARN_OBJC_LITERAL_CONVERSION = YES;
				CLANG_WARN_OBJC_ROOT_CLASS = YES_ERROR;
				CLANG_WARN_QUOTED_INCLUDE_IN_FRAMEWORK_HEADER = YES;
				CLANG_WARN_RANGE_LOOP_ANALYSIS = YES;
				CLANG_WARN_STRICT_PROTOTYPES = YES;
				CLANG_WARN_SUSPICIOUS_MOVE = YES;
				CLANG_WARN_UNGUARDED_AVAILABILITY = YES_AGGRESSIVE;
				CLANG_WARN_UNREACHABLE_CODE = YES;
				CLANG_WARN__DUPLICATE_METHOD_MATCH = YES;
				COPY_PHASE_STRIP = NO;
				DEBUG_INFORMATION_FORMAT = dwarf;
				ENABLE_STRICT_OBJC_MSGSEND = YES;
				ENABLE_TESTABILITY = YES;
				GCC_C_LANGUAGE_STANDARD = gnu11;
				GCC_DYNAMIC_NO_PIC = NO;
				GCC_NO_COMMON_BLOCKS = YES;
				GCC_OPTIMIZATION_LEVEL = 0;
				GCC_PREPROCESSOR_DEFINITIONS = (
					"DEBUG=1",
					"$(inherited)",
				);
				GCC_WARN_64_TO_32_BIT_CONVERSION = YES;
				GCC_WARN_ABOUT_RETURN_TYPE = YES_ERROR;
				GCC_WARN_UNDECLARED_SELECTOR = YES;
				GCC_WARN_UNINITIALIZED_AUTOS = YES_AGGRESSIVE;
				GCC_WARN_UNUSED_FUNCTION = YES;
				GCC_WARN_UNUSED_VARIABLE = YES;
				IPHONEOS_DEPLOYMENT_TARGET = 15.4;
				MTL_ENABLE_DEBUG_INFO = INCLUDE_SOURCE;
				MTL_FAST_MATH = YES;
				ONLY_ACTIVE_ARCH = YES;
				SDKROOT = iphoneos;
				SWIFT_ACTIVE_COMPILATION_CONDITIONS = DEBUG;
				SWIFT_OPTIMIZATION_LEVEL = "-Onone";
			};
			name = Debug;
		};
		91DE132728297F21002302B9 /* Release */ = {
			isa = XCBuildConfiguration;
			buildSettings = {
				ALWAYS_SEARCH_USER_PATHS = NO;
				CLANG_ANALYZER_NONNULL = YES;
				CLANG_ANALYZER_NUMBER_OBJECT_CONVERSION = YES_AGGRESSIVE;
				CLANG_CXX_LANGUAGE_STANDARD = "gnu++17";
				CLANG_ENABLE_MODULES = YES;
				CLANG_ENABLE_OBJC_ARC = YES;
				CLANG_ENABLE_OBJC_WEAK = YES;
				CLANG_WARN_BLOCK_CAPTURE_AUTORELEASING = YES;
				CLANG_WARN_BOOL_CONVERSION = YES;
				CLANG_WARN_COMMA = YES;
				CLANG_WARN_CONSTANT_CONVERSION = YES;
				CLANG_WARN_DEPRECATED_OBJC_IMPLEMENTATIONS = YES;
				CLANG_WARN_DIRECT_OBJC_ISA_USAGE = YES_ERROR;
				CLANG_WARN_DOCUMENTATION_COMMENTS = YES;
				CLANG_WARN_EMPTY_BODY = YES;
				CLANG_WARN_ENUM_CONVERSION = YES;
				CLANG_WARN_INFINITE_RECURSION = YES;
				CLANG_WARN_INT_CONVERSION = YES;
				CLANG_WARN_NON_LITERAL_NULL_CONVERSION = YES;
				CLANG_WARN_OBJC_IMPLICIT_RETAIN_SELF = YES;
				CLANG_WARN_OBJC_LITERAL_CONVERSION = YES;
				CLANG_WARN_OBJC_ROOT_CLASS = YES_ERROR;
				CLANG_WARN_QUOTED_INCLUDE_IN_FRAMEWORK_HEADER = YES;
				CLANG_WARN_RANGE_LOOP_ANALYSIS = YES;
				CLANG_WARN_STRICT_PROTOTYPES = YES;
				CLANG_WARN_SUSPICIOUS_MOVE = YES;
				CLANG_WARN_UNGUARDED_AVAILABILITY = YES_AGGRESSIVE;
				CLANG_WARN_UNREACHABLE_CODE = YES;
				CLANG_WARN__DUPLICATE_METHOD_MATCH = YES;
				COPY_PHASE_STRIP = NO;
				DEBUG_INFORMATION_FORMAT = "dwarf-with-dsym";
				ENABLE_NS_ASSERTIONS = NO;
				ENABLE_STRICT_OBJC_MSGSEND = YES;
				GCC_C_LANGUAGE_STANDARD = gnu11;
				GCC_NO_COMMON_BLOCKS = YES;
				GCC_WARN_64_TO_32_BIT_CONVERSION = YES;
				GCC_WARN_ABOUT_RETURN_TYPE = YES_ERROR;
				GCC_WARN_UNDECLARED_SELECTOR = YES;
				GCC_WARN_UNINITIALIZED_AUTOS = YES_AGGRESSIVE;
				GCC_WARN_UNUSED_FUNCTION = YES;
				GCC_WARN_UNUSED_VARIABLE = YES;
				IPHONEOS_DEPLOYMENT_TARGET = 15.4;
				MTL_ENABLE_DEBUG_INFO = NO;
				MTL_FAST_MATH = YES;
				SDKROOT = iphoneos;
				SWIFT_COMPILATION_MODE = wholemodule;
				SWIFT_OPTIMIZATION_LEVEL = "-O";
				VALIDATE_PRODUCT = YES;
			};
			name = Release;
		};
		91DE132928297F21002302B9 /* Debug */ = {
			isa = XCBuildConfiguration;
			buildSettings = {
				ASSETCATALOG_COMPILER_APPICON_NAME = AppIcon;
				ASSETCATALOG_COMPILER_GLOBAL_ACCENT_COLOR_NAME = AccentColor;
				ASSETCATALOG_COMPILER_INCLUDE_ALL_APPICON_ASSETS = YES;
				CODE_SIGN_STYLE = Automatic;
				CURRENT_PROJECT_VERSION = 1;
				DEVELOPMENT_ASSET_PATHS = "\"iTweet/Preview Content\"";
				DEVELOPMENT_TEAM = R6T7FT27QA;
				ENABLE_PREVIEWS = YES;
				GENERATE_INFOPLIST_FILE = YES;
				INFOPLIST_FILE = iTweet/Info.plist;
				INFOPLIST_KEY_UIApplicationSceneManifest_Generation = YES;
				INFOPLIST_KEY_UIApplicationSupportsIndirectInputEvents = YES;
				INFOPLIST_KEY_UILaunchScreen_Generation = YES;
				INFOPLIST_KEY_UIStatusBarHidden = NO;
				INFOPLIST_KEY_UISupportedInterfaceOrientations = "UIInterfaceOrientationPortrait UIInterfaceOrientationLandscapeLeft UIInterfaceOrientationLandscapeRight";
				INFOPLIST_KEY_UISupportedInterfaceOrientations_iPad = "UIInterfaceOrientationPortrait UIInterfaceOrientationPortraitUpsideDown UIInterfaceOrientationLandscapeLeft UIInterfaceOrientationLandscapeRight";
				INFOPLIST_KEY_UISupportedInterfaceOrientations_iPhone = "UIInterfaceOrientationPortrait UIInterfaceOrientationLandscapeLeft UIInterfaceOrientationLandscapeRight";
				LD_RUNPATH_SEARCH_PATHS = (
					"$(inherited)",
					"@executable_path/Frameworks",
				);
				MARKETING_VERSION = 1.0;
				PRODUCT_BUNDLE_IDENTIFIER = com.kyeicus.iTweet;
				PRODUCT_NAME = "$(TARGET_NAME)";
				SWIFT_EMIT_LOC_STRINGS = YES;
				SWIFT_VERSION = 5.0;
				TARGETED_DEVICE_FAMILY = 1;
			};
			name = Debug;
		};
		91DE132A28297F21002302B9 /* Release */ = {
			isa = XCBuildConfiguration;
			buildSettings = {
				ASSETCATALOG_COMPILER_APPICON_NAME = AppIcon;
				ASSETCATALOG_COMPILER_GLOBAL_ACCENT_COLOR_NAME = AccentColor;
				ASSETCATALOG_COMPILER_INCLUDE_ALL_APPICON_ASSETS = YES;
				CODE_SIGN_STYLE = Automatic;
				CURRENT_PROJECT_VERSION = 1;
				DEVELOPMENT_ASSET_PATHS = "\"iTweet/Preview Content\"";
				DEVELOPMENT_TEAM = R6T7FT27QA;
				ENABLE_PREVIEWS = YES;
				GENERATE_INFOPLIST_FILE = YES;
				INFOPLIST_FILE = iTweet/Info.plist;
				INFOPLIST_KEY_UIApplicationSceneManifest_Generation = YES;
				INFOPLIST_KEY_UIApplicationSupportsIndirectInputEvents = YES;
				INFOPLIST_KEY_UILaunchScreen_Generation = YES;
				INFOPLIST_KEY_UIStatusBarHidden = NO;
				INFOPLIST_KEY_UISupportedInterfaceOrientations = "UIInterfaceOrientationPortrait UIInterfaceOrientationLandscapeLeft UIInterfaceOrientationLandscapeRight";
				INFOPLIST_KEY_UISupportedInterfaceOrientations_iPad = "UIInterfaceOrientationPortrait UIInterfaceOrientationPortraitUpsideDown UIInterfaceOrientationLandscapeLeft UIInterfaceOrientationLandscapeRight";
				INFOPLIST_KEY_UISupportedInterfaceOrientations_iPhone = "UIInterfaceOrientationPortrait UIInterfaceOrientationLandscapeLeft UIInterfaceOrientationLandscapeRight";
				LD_RUNPATH_SEARCH_PATHS = (
					"$(inherited)",
					"@executable_path/Frameworks",
				);
				MARKETING_VERSION = 1.0;
				PRODUCT_BUNDLE_IDENTIFIER = com.kyeicus.iTweet;
				PRODUCT_NAME = "$(TARGET_NAME)";
				SWIFT_EMIT_LOC_STRINGS = YES;
				SWIFT_VERSION = 5.0;
				TARGETED_DEVICE_FAMILY = 1;
			};
			name = Release;
		};
/* End XCBuildConfiguration section */

/* Begin XCConfigurationList section */
		91DE131528297F20002302B9 /* Build configuration list for PBXProject "iTweet" */ = {
			isa = XCConfigurationList;
			buildConfigurations = (
				91DE132628297F21002302B9 /* Debug */,
				91DE132728297F21002302B9 /* Release */,
			);
			defaultConfigurationIsVisible = 0;
			defaultConfigurationName = Release;
		};
		91DE132828297F21002302B9 /* Build configuration list for PBXNativeTarget "iTweet" */ = {
			isa = XCConfigurationList;
			buildConfigurations = (
				91DE132928297F21002302B9 /* Debug */,
				91DE132A28297F21002302B9 /* Release */,
			);
			defaultConfigurationIsVisible = 0;
			defaultConfigurationName = Release;
		};
/* End XCConfigurationList section */

/* Begin XCRemoteSwiftPackageReference section */
		911FD5AC28486C7300508C43 /* XCRemoteSwiftPackageReference "Kingfisher" */ = {
			isa = XCRemoteSwiftPackageReference;
			repositoryURL = "https://github.com/onevcat/Kingfisher.git";
			requirement = {
				kind = upToNextMajorVersion;
				minimumVersion = 7.0.0;
			};
		};
		91D2319128403D82005FEE90 /* XCRemoteSwiftPackageReference "firebase-ios-sdk" */ = {
			isa = XCRemoteSwiftPackageReference;
			repositoryURL = "https://github.com/firebase/firebase-ios-sdk.git";
			requirement = {
				kind = upToNextMajorVersion;
				minimumVersion = 9.0.0;
			};
		};
/* End XCRemoteSwiftPackageReference section */

/* Begin XCSwiftPackageProductDependency section */
		911FD5AD28486C7300508C43 /* Kingfisher */ = {
			isa = XCSwiftPackageProductDependency;
			package = 911FD5AC28486C7300508C43 /* XCRemoteSwiftPackageReference "Kingfisher" */;
			productName = Kingfisher;
		};
		91D2319228403D82005FEE90 /* FirebaseAuth */ = {
			isa = XCSwiftPackageProductDependency;
			package = 91D2319128403D82005FEE90 /* XCRemoteSwiftPackageReference "firebase-ios-sdk" */;
			productName = FirebaseAuth;
		};
		91D2319428403D82005FEE90 /* FirebaseFirestore */ = {
			isa = XCSwiftPackageProductDependency;
			package = 91D2319128403D82005FEE90 /* XCRemoteSwiftPackageReference "firebase-ios-sdk" */;
			productName = FirebaseFirestore;
		};
		91D2319628403D82005FEE90 /* FirebaseFirestoreSwift */ = {
			isa = XCSwiftPackageProductDependency;
			package = 91D2319128403D82005FEE90 /* XCRemoteSwiftPackageReference "firebase-ios-sdk" */;
			productName = FirebaseFirestoreSwift;
		};
		91D2319828403D82005FEE90 /* FirebaseStorage */ = {
			isa = XCSwiftPackageProductDependency;
			package = 91D2319128403D82005FEE90 /* XCRemoteSwiftPackageReference "firebase-ios-sdk" */;
			productName = FirebaseStorage;
		};
/* End XCSwiftPackageProductDependency section */
	};
	rootObject = 91DE131228297F20002302B9 /* Project object */;
}
